
Microsoft Visual Studio Solution File, Format Version 12.00
# Visual Studio 15
Project("{FAE04EC0-301F-11D3-BF4B-00C04F79EFBC}") = "Assembly-CSharp", "Assembly-CSharp.csproj", "{B26EE50E-302B-4C11-BC68-2304C7B06041}"
EndProject
Global
	GlobalSection(SolutionConfigurationPlatforms) = preSolution
		Debug|Any CPU = Debug|Any CPU
		Release|Any CPU = Release|Any CPU
	EndGlobalSection
	GlobalSection(ProjectConfigurationPlatforms) = postSolution
		{B26EE50E-302B-4C11-BC68-2304C7B06041}.Debug|Any CPU.ActiveCfg = Debug|Any CPU
		{B26EE50E-302B-4C11-BC68-2304C7B06041}.Debug|Any CPU.Build.0 = Debug|Any CPU
		{B26EE50E-302B-4C11-BC68-2304C7B06041}.Release|Any CPU.ActiveCfg = Release|Any CPU
		{B26EE50E-302B-4C11-BC68-2304C7B06041}.Release|Any CPU.Build.0 = Release|Any CPU
	EndGlobalSection
	GlobalSection(MonoDevelopProperties) = preSolution
		Policies = $0
		$0.DotNetNamingPolicy = $1
		$1.DirectoryNamespaceAssociation = PrefixedHierarchical
		$0.TextStylePolicy = $2
		$2.FileWidth = 80
		$2.EolMarker = Unix
		$2.scope = text/x-csharp
		$0.CSharpFormattingPolicy = $3
		$3.NewLinesForBracesInTypes = False
		$3.NewLinesForBracesInMethods = False
		$3.NewLinesForBracesInProperties = False
		$3.NewLinesForBracesInAccessors = False
		$3.NewLinesForBracesInControlBlocks = False
		$3.NewLinesForBracesInAnonymousTypes = False
		$3.NewLinesForBracesInObjectCollectionArrayInitializers = False
		$3.NewLineForElse = False
		$3.SpaceAfterCast = True
		$3.scope = text/x-csharp
		$0.TextStylePolicy = $4
		$4.FileWidth = 80
		$4.TabsToSpaces = True
		$4.scope = text/plain
		$0.TextStylePolicy = $5
		$5.inheritsSet = null
		$5.scope = application/config+xml
		$0.XmlFormattingPolicy = $6
		$6.inheritsSet = null
		$6.scope = application/config+xml
		$0.TextStylePolicy = $7
		$7.inheritsSet = null
		$7.scope = application/xml
		$0.XmlFormattingPolicy = $8
		$8.scope = application/xml
		$0.StandardHeader = $9
		description = Exdilin mod for Blocksworld.
		version = 0.7.0
	EndGlobalSection
EndGlobal
